PODS:
  - Alamofire (4.7.1)
  - Bolts (1.9.0):
    - Bolts/AppLinks (= 1.9.0)
    - Bolts/Tasks (= 1.9.0)
  - Bolts/AppLinks (1.9.0):
    - Bolts/Tasks
  - Bolts/Tasks (1.9.0)
  - BoringSSL (10.0):
    - BoringSSL/Implementation (= 10.0)
    - BoringSSL/Interface (= 10.0)
  - BoringSSL/Implementation (10.0):
    - BoringSSL/Interface (= 10.0)
  - BoringSSL/Interface (10.0)
  - Braintree (4.14.0):
    - Braintree/Card (= 4.14.0)
    - Braintree/Core (= 4.14.0)
    - Braintree/PayPal (= 4.14.0)
    - Braintree/UI (= 4.14.0)
  - Braintree/Apple-Pay (4.14.0):
    - Braintree/Core
  - Braintree/Card (4.14.0):
    - Braintree/Core
  - Braintree/Core (4.14.0)
  - Braintree/PaymentFlow (4.14.0):
    - Braintree/Card
    - Braintree/Core
  - Braintree/PayPal (4.14.0):
    - Braintree/Core
    - Braintree/PayPalOneTouch
  - Braintree/PayPalDataCollector (4.14.0):
    - Braintree/Core
    - Braintree/PayPalUtils
  - Braintree/PayPalOneTouch (4.14.0):
    - Braintree/Core
    - Braintree/PayPalDataCollector
    - Braintree/PayPalUtils
  - Braintree/PayPalUtils (4.14.0)
  - Braintree/UI (4.14.0):
    - Braintree/Card
    - Braintree/Core
  - Braintree/UnionPay (4.14.0):
    - Braintree/Card
    - Braintree/Core
  - BraintreeDropIn (6.1.0):
    - BraintreeDropIn/DropIn (= 6.1.0)
  - BraintreeDropIn/DropIn (6.1.0):
    - Braintree/Card (~> 4.11)
    - Braintree/Core (~> 4.11)
    - Braintree/PaymentFlow (~> 4.11)
    - Braintree/UnionPay (~> 4.11)
    - BraintreeDropIn/UIKit
  - BraintreeDropIn/UIKit (6.1.0)
  - CardIO (5.4.1)
  - Cards (1.3.1):
    - Player
  - Cupcake (1.2.1)
  - FBSDKCoreKit (4.31.1):
    - Bolts (~> 1.7)
  - FBSDKLoginKit (4.31.1):
    - FBSDKCoreKit
  - FCAlertView (1.4.0)
  - Firebase/AdMob (4.11.0):
    - Firebase/Core
    - Google-Mobile-Ads-SDK (= 7.29.0)
  - Firebase/Analytics (4.11.0):
    - Firebase/Core
  - Firebase/Auth (4.11.0):
    - Firebase/Core
    - FirebaseAuth (= 4.5.0)
  - Firebase/Core (4.11.0):
    - FirebaseAnalytics (= 4.1.0)
    - FirebaseCore (= 4.0.18)
  - Firebase/Crash (4.11.0):
    - Firebase/Core
    - FirebaseCrash (= 2.0.2)
  - Firebase/Database (4.11.0):
    - Firebase/Core
    - FirebaseDatabase (= 4.1.5)
  - Firebase/DynamicLinks (4.11.0):
    - Firebase/Core
    - FirebaseDynamicLinks (= 2.3.2)
  - Firebase/Firestore (4.11.0):
    - Firebase/Core
    - FirebaseFirestore (= 0.10.4)
  - Firebase/Messaging (4.11.0):
    - Firebase/Core
    - FirebaseMessaging (= 2.1.1)
  - Firebase/Performance (4.11.0):
    - Firebase/Core
    - FirebasePerformance (= 1.1.2)
  - Firebase/RemoteConfig (4.11.0):
    - Firebase/Core
    - FirebaseRemoteConfig (= 2.1.2)
  - Firebase/Storage (4.11.0):
    - Firebase/Core
    - FirebaseStorage (= 2.1.3)
  - FirebaseABTesting (1.0.0):
    - FirebaseCore (~> 4.0)
    - Protobuf (~> 3.1)
  - FirebaseAnalytics (4.1.0):
    - FirebaseCore (~> 4.0)
    - FirebaseInstanceID (~> 2.0)
    - GoogleToolboxForMac/NSData+zlib (~> 2.1)
    - nanopb (~> 0.3)
  - FirebaseAuth (4.5.0):
    - FirebaseAnalytics (~> 4.1)
    - GoogleToolboxForMac/NSDictionary+URLArguments (~> 2.1)
    - GTMSessionFetcher/Core (~> 1.1)
  - FirebaseCore (4.0.18):
    - GoogleToolboxForMac/NSData+zlib (~> 2.1)
  - FirebaseCrash (2.0.2):
    - FirebaseAnalytics (~> 4.0)
    - FirebaseInstanceID (~> 2.0)
    - GoogleToolboxForMac/Logger (~> 2.1)
    - GoogleToolboxForMac/NSData+zlib (~> 2.1)
    - Protobuf (~> 3.1)
  - FirebaseDatabase (4.1.5):
    - FirebaseAnalytics (~> 4.1)
    - FirebaseCore (~> 4.0)
    - leveldb-library (~> 1.18)
  - FirebaseDynamicLinks (2.3.2):
    - FirebaseAnalytics (~> 4.0)
  - FirebaseFirestore (0.10.4):
    - FirebaseAnalytics (~> 4.1)
    - FirebaseCore (~> 4.0)
    - gRPC-ProtoRPC (~> 1.0)
    - leveldb-library (~> 1.18)
    - Protobuf (~> 3.5)
  - FirebaseInstanceID (2.0.10):
    - FirebaseCore (~> 4.0)
  - FirebaseMessaging (2.1.1):
    - FirebaseAnalytics (~> 4.1)
    - FirebaseCore (~> 4.0)
    - FirebaseInstanceID (~> 2.0)
    - GoogleToolboxForMac/Logger (~> 2.1)
    - Protobuf (~> 3.5)
  - FirebasePerformance (1.1.2):
    - FirebaseAnalytics (~> 4.1)
    - FirebaseInstanceID (~> 2.0)
    - FirebaseSwizzlingUtilities (~> 1.0)
    - GoogleToolboxForMac/Logger (~> 2.1)
    - GoogleToolboxForMac/NSData+zlib (~> 2.1)
    - GTMSessionFetcher/Core (~> 1.1)
    - Protobuf (~> 3.5)
  - FirebaseRemoteConfig (2.1.2):
    - FirebaseABTesting (~> 1.0)
    - FirebaseAnalytics (~> 4.0)
    - FirebaseCore (~> 4.0)
    - FirebaseInstanceID (~> 2.0)
    - GoogleToolboxForMac/NSData+zlib (~> 2.1)
    - Protobuf (~> 3.1)
  - FirebaseStorage (2.1.3):
    - FirebaseAnalytics (~> 4.1)
    - FirebaseCore (~> 4.0)
    - GTMSessionFetcher/Core (~> 1.1)
  - FirebaseSwizzlingUtilities (1.0.0)
  - FirebaseUI (4.5.5):
    - FirebaseUI/All (= 4.5.5)
  - FirebaseUI/All (4.5.5):
    - FirebaseUI/Auth
    - FirebaseUI/Database
    - FirebaseUI/Facebook
    - FirebaseUI/Firestore
    - FirebaseUI/Google
    - FirebaseUI/Phone
    - FirebaseUI/Storage
    - FirebaseUI/Twitter
  - FirebaseUI/Auth (4.5.5):
    - Firebase/Auth (~> 4.2)
  - FirebaseUI/Database (4.5.5):
    - Firebase/Database (~> 4.0)
  - FirebaseUI/Facebook (4.5.5):
    - FBSDKLoginKit (~> 4.0)
    - FirebaseUI/Auth
  - FirebaseUI/Firestore (4.5.5):
    - Firebase/Firestore
  - FirebaseUI/Google (4.5.5):
    - FirebaseUI/Auth
    - GoogleSignIn (~> 4.0)
  - FirebaseUI/Phone (4.5.5):
    - FirebaseUI/Auth
  - FirebaseUI/Storage (4.5.5):
    - Firebase/Storage (~> 4.0)
    - SDWebImage (~> 4.0)
  - FirebaseUI/Twitter (4.5.5):
    - FirebaseUI/Auth
    - TwitterKit (~> 3.0)
  - FoldingCell (3.0.6)
  - Google-Mobile-Ads-SDK (7.29.0)
  - GoogleSignIn (4.1.2):
    - GoogleToolboxForMac/NSDictionary+URLArguments (~> 2.1)
    - GoogleToolboxForMac/NSString+URLArguments (~> 2.1)
    - GTMOAuth2 (~> 1.0)
    - GTMSessionFetcher/Core (~> 1.1)
  - GoogleToolboxForMac/DebugUtils (2.1.3):
    - GoogleToolboxForMac/Defines (= 2.1.3)
  - GoogleToolboxForMac/Defines (2.1.3)
  - GoogleToolboxForMac/Logger (2.1.3):
    - GoogleToolboxForMac/Defines (= 2.1.3)
  - GoogleToolboxForMac/NSData+zlib (2.1.3):
    - GoogleToolboxForMac/Defines (= 2.1.3)
  - GoogleToolboxForMac/NSDictionary+URLArguments (2.1.3):
    - GoogleToolboxForMac/DebugUtils (= 2.1.3)
    - GoogleToolboxForMac/Defines (= 2.1.3)
    - GoogleToolboxForMac/NSString+URLArguments (= 2.1.3)
  - GoogleToolboxForMac/NSString+URLArguments (2.1.3)
  - gRPC (1.10.0):
    - gRPC-RxLibrary (= 1.10.0)
    - gRPC/Main (= 1.10.0)
  - gRPC-Core (1.10.0):
    - gRPC-Core/Implementation (= 1.10.0)
    - gRPC-Core/Interface (= 1.10.0)
  - gRPC-Core/Implementation (1.10.0):
    - BoringSSL (~> 10.0)
    - gRPC-Core/Interface (= 1.10.0)
    - nanopb (~> 0.3)
  - gRPC-Core/Interface (1.10.0)
  - gRPC-ProtoRPC (1.10.0):
    - gRPC (= 1.10.0)
    - gRPC-RxLibrary (= 1.10.0)
    - Protobuf (~> 3.0)
  - gRPC-RxLibrary (1.10.0)
  - gRPC/Main (1.10.0):
    - gRPC-Core (= 1.10.0)
    - gRPC-RxLibrary (= 1.10.0)
  - GTMOAuth2 (1.1.6):
    - GTMSessionFetcher (~> 1.1)
  - GTMSessionFetcher (1.1.14):
    - GTMSessionFetcher/Full (= 1.1.14)
  - GTMSessionFetcher/Core (1.1.14)
  - GTMSessionFetcher/Full (1.1.14):
    - GTMSessionFetcher/Core (= 1.1.14)
  - IGListKit (3.2.0):
    - IGListKit/Default (= 3.2.0)
  - IGListKit/Default (3.2.0):
    - IGListKit/Diffing
  - IGListKit/Diffing (3.2.0)
  - leveldb-library (1.20)
  - Moya (11.0.2):
    - Moya/Core (= 11.0.2)
  - Moya/Core (11.0.2):
    - Alamofire (~> 4.1)
    - Result (~> 3.0)
  - nanopb (0.3.8):
    - nanopb/decode (= 0.3.8)
    - nanopb/encode (= 0.3.8)
  - nanopb/decode (0.3.8)
  - nanopb/encode (0.3.8)
  - PayPal-iOS-SDK (2.18.1):
    - PayPal-iOS-SDK/CardIO (= 2.18.1)
    - PayPal-iOS-SDK/Core (= 2.18.1)
  - PayPal-iOS-SDK/CardIO (2.18.1):
    - CardIO (~> 5.4.1)
  - PayPal-iOS-SDK/Core (2.18.1)
  - Player (0.8.4)
  - PromiseKit/CorePromise (6.2.3)
  - Protobuf (3.5.0)
  - QRCode (2.0)
  - Result (3.2.4)
  - RxBlocking (4.1.2):
    - RxSwift (~> 4.0)
  - RxCocoa (4.1.2):
    - RxSwift (~> 4.0)
  - RxSwift (4.1.2)
  - RxTest (4.1.2):
    - RxSwift (~> 4.0)
  - SDWebImage (4.3.3):
    - SDWebImage/Core (= 4.3.3)
  - SDWebImage/Core (4.3.3)
  - StatusAlert (0.10.1)
  - SwiftMessages (4.1.0)
  - SwiftyJSON (4.0.0)
  - SwiftyStoreKit (0.13.1)
  - TwitterCore (3.1.0)
  - TwitterKit (3.3.0):
    - TwitterCore (>= 3.1.0)

DEPENDENCIES:
  - Alamofire (~> 4.7)
  - Braintree
  - Braintree/Apple-Pay
  - Braintree/PayPal
  - BraintreeDropIn
  - Cards
  - Cupcake
  - FCAlertView
  - Firebase/AdMob
  - Firebase/Analytics
  - Firebase/Auth
  - Firebase/Core
  - Firebase/Crash
  - Firebase/Database
  - Firebase/DynamicLinks
  - Firebase/Messaging
  - Firebase/Performance
  - Firebase/RemoteConfig
  - Firebase/Storage
  - FirebaseUI
  - FirebaseUI/Auth
  - FirebaseUI/Facebook
  - FirebaseUI/Google
  - FoldingCell
  - IGListKit
  - Moya (~> 11.0)
  - PayPal-iOS-SDK
  - PromiseKit/CorePromise
  - QRCode
  - RxBlocking (~> 4.0)
  - RxCocoa (~> 4.0)
  - RxSwift (~> 4.0)
  - RxTest (~> 4.0)
  - StatusAlert
  - SwiftMessages
  - SwiftyJSON (~> 4.0)
  - SwiftyStoreKit

SPEC CHECKSUMS:
  Alamofire: 68d7d521118d49c615a8d2214d87cdf525599d30
  Bolts: ac6567323eac61e203f6a9763667d0f711be34c8
  BoringSSL: 32764dbaf5f5888cf51fbaa172a010126b41bcd4
  Braintree: a538846b544c5785cb0040f86cc97079af74b950
  BraintreeDropIn: 2e8bba4facf6cc925176637030454d8308223b95
  CardIO: 56983b39b62f495fc6dae9ad7cf875143df06443
  Cards: c5023eb5dfa9d81478535fa255a8060f4e0737e3
  Cupcake: a08c0d691ce8102e69694ec8873b4a0a622d9a4d
  FBSDKCoreKit: e08ccfcefa7bc1347a07c276dac9bf6c7fe57024
  FBSDKLoginKit: 99797ac39252fef6f72600b886f6ee60b4b29cab
  FCAlertView: fdddd63381898c1d1a5a20c9f084fbd2c6d12f8b
  Firebase: cc13dfab1038c8b45d7903e01fc690451d6d0b24
  FirebaseABTesting: d07d0ee833b842d5153549e4c7e2e2cb1c23a3f9
  FirebaseAnalytics: 3dfae28d4a5e06f86c4fae830efc2ad3fadb19bc
  FirebaseAuth: 147bf340a0706b44ca1753d6b41ebafd9687cfe6
  FirebaseCore: b981f47e5254cbcfdeb483355300d743f6fcab2c
  FirebaseCrash: cded0fc566c03651aea606a101bc156085f333ca
  FirebaseDatabase: 5f0bc6134c5c237cf55f9e1249d406770a75eafd
  FirebaseDynamicLinks: 38b68641d24e78d0277a9205d988ce22875d5a25
  FirebaseFirestore: 796df79c29cf8ecf806564f4d347665bdafa6ef0
  FirebaseInstanceID: 8d20d890d65c917f9f7d9950b6e10a760ad34321
  FirebaseMessaging: db0e01c52ef7e1f42846431273558107d084ede4
  FirebasePerformance: 96c831a9eaf8d2ddf8bb37a4a6f6dd1b4bfe929f
  FirebaseRemoteConfig: df64ce784a45e9b9d4988030a59da6baede8bdb0
  FirebaseStorage: 9a863a2bb96c406958eeff7c2f1dfa9f44c44a13
  FirebaseSwizzlingUtilities: f1c49a5a372ac852c853722a5891a0a5e2344a6c
  FirebaseUI: 7f149d40db1a67c459df16540256b66d8f8e8c70
  FoldingCell: 4848ec8a2056d5751bfb710df14521fc64d48ad7
  Google-Mobile-Ads-SDK: 375bbb821b3df2106c37b74f6b0a97576ddc5f6b
  GoogleSignIn: d9ef55b10f0aa401a5de2747f59b725e4b9732ac
  GoogleToolboxForMac: 2501e2ad72a52eb3dfe7bd9aee7dad11b858bd20
  gRPC: f54f0e6d603052b4562447da442ce2ff30bcdacc
  gRPC-Core: a030b1678ded49c88ec5ba7c90ee8ee5f47ec6e1
  gRPC-ProtoRPC: 22712b23eb1bda656a59715fa5c1da0ea1493ea4
  gRPC-RxLibrary: a41a4652d220f230ba1c0491a94ce2ee04c6180a
  GTMOAuth2: c77fe325e4acd453837e72d91e3b5f13116857b2
  GTMSessionFetcher: 390ea358e5a0d0133153806f744662dad933d06b
  IGListKit: ffe6f98a728ab0250aceea22e7957aa5477c5048
  leveldb-library: 08cba283675b7ed2d99629a4bc5fd052cd2bb6a5
  Moya: a725035953bc1c0eb1be505ab903984501d82440
  nanopb: 5601e6bca2dbf1ed831b519092ec110f66982ca3
  PayPal-iOS-SDK: 10654cd111e911a9807bddb96fae81aacb8e9915
  Player: e45514e9e5fb8ff18f50eb2ba6f84dac9b6a0024
  PromiseKit: 62f37bb4900a9b0b7550d017e41497171d93face
  Protobuf: 8a9838fba8dae3389230e1b7f8c104aa32389c03
  QRCode: f98a1886c8f37523704a7512a4c0cd45b34c18a4
  Result: d2d07204ce72856f1fd9130bbe42c35a7b0fea10
  RxBlocking: f6054985901412fc8c02daa84e92d4ba68c61389
  RxCocoa: d88ba0f1f6abf040011a9eb4b539324fc426843a
  RxSwift: e49536837d9901277638493ea537394d4b55f570
  RxTest: e634f15fd2c2cd0e0120132ef7a4f7be69ad0393
  SDWebImage: de4d90b5bff3571eae7bd16202b1f43135409fa5
  StatusAlert: 123d79043ee371f0a57102b35e79e2c8c8684388
  SwiftMessages: 1bacc783c8f10bdfdc57c14860cae8a1f1fa6591
  SwiftyJSON: 070dabdcb1beb81b247c65ffa3a79dbbfb3b48aa
  SwiftyStoreKit: c36bb7841dd51a485ce5c38abf9e96fba988741f
  TwitterCore: 644d59e75abccb26cf0a9050d2c4dea0e5412241
  TwitterKit: a2e60ddcedbf54091eac6f27685ca7a87681e1d7

PODFILE CHECKSUM: c7be54e199ff3ea342fa92aea6a49365078f9416

COCOAPODS: 1.4.0
